
Microsoft Visual Studio Solution File, Format Version 12.00
# Visual Studio Version 17
VisualStudioVersion = 17.0.31903.59
MinimumVisualStudioVersion = 10.0.40219.1
Project("{2150E333-8FDC-42A3-9474-1A3956D46DE8}") = "Compression", "Compression", "{77FC4A59-5159-456B-AF3A-88B5E853454B}"
EndProject
Project("{FAE04EC0-301F-11D3-BF4B-00C04F79EFBC}") = "Osm.Sage.Compression.Eac", "src\Compression\Osm.Sage.Compression.Eac\Osm.Sage.Compression.Eac.csproj", "{8BACF031-B709-482F-ADD1-6DA5FA39BBB4}"
EndProject
Global
	GlobalSection(SolutionConfigurationPlatforms) = preSolution
		Debug|Any CPU = Debug|Any CPU
		Release|Any CPU = Release|Any CPU
	EndGlobalSection
	GlobalSection(SolutionProperties) = preSolution
		HideSolutionNode = FALSE
	EndGlobalSection
	GlobalSection(ProjectConfigurationPlatforms) = postSolution
		{8BACF031-B709-482F-ADD1-6DA5FA39BBB4}.Debug|Any CPU.ActiveCfg = Debug|Any CPU
		{8BACF031-B709-482F-ADD1-6DA5FA39BBB4}.Debug|Any CPU.Build.0 = Debug|Any CPU
		{8BACF031-B709-482F-ADD1-6DA5FA39BBB4}.Release|Any CPU.ActiveCfg = Release|Any CPU
		{8BACF031-B709-482F-ADD1-6DA5FA39BBB4}.Release|Any CPU.Build.0 = Release|Any CPU
	EndGlobalSection
	GlobalSection(NestedProjects) = preSolution
		{8BACF031-B709-482F-ADD1-6DA5FA39BBB4} = {77FC4A59-5159-456B-AF3A-88B5E853454B}
	EndGlobalSection
EndGlobal
